// !$*UTF8*$!
{
	archiveVersion = 1;
	classes = {
	};
	objectVersion = 46;
	objects = {

/* Begin PBXBuildFile section */
		855020EE1B66A14700960A23 /* SellFormViewController.m in Sources */ = {isa = PBXBuildFile; fileRef = 855020ED1B66A14700960A23 /* SellFormViewController.m */; };
		858A61921B656FEB00F84947 /* main.m in Sources */ = {isa = PBXBuildFile; fileRef = 858A61911B656FEB00F84947 /* main.m */; };
		858A61951B656FEB00F84947 /* AppDelegate.m in Sources */ = {isa = PBXBuildFile; fileRef = 858A61941B656FEB00F84947 /* AppDelegate.m */; };
		858A619B1B656FEB00F84947 /* Main.storyboard in Resources */ = {isa = PBXBuildFile; fileRef = 858A61991B656FEB00F84947 /* Main.storyboard */; };
		858A619D1B656FEB00F84947 /* Images.xcassets in Resources */ = {isa = PBXBuildFile; fileRef = 858A619C1B656FEB00F84947 /* Images.xcassets */; };
		858A61A01B656FEB00F84947 /* LaunchScreen.xib in Resources */ = {isa = PBXBuildFile; fileRef = 858A619E1B656FEB00F84947 /* LaunchScreen.xib */; };
		858A61AC1B656FEB00F84947 /* RainforestBayTests.m in Sources */ = {isa = PBXBuildFile; fileRef = 858A61AB1B656FEB00F84947 /* RainforestBayTests.m */; };
		858A61B71B6572CB00F84947 /* HomeViewController.m in Sources */ = {isa = PBXBuildFile; fileRef = 858A61B61B6572CB00F84947 /* HomeViewController.m */; };
		85ADC4561B65798B000D2C6A /* SearchViewController.m in Sources */ = {isa = PBXBuildFile; fileRef = 85ADC4551B65798B000D2C6A /* SearchViewController.m */; };
		85ADC4591B657993000D2C6A /* InstantViewController.m in Sources */ = {isa = PBXBuildFile; fileRef = 85ADC4581B657993000D2C6A /* InstantViewController.m */; };
		85ADC45C1B65799B000D2C6A /* MessageViewController.m in Sources */ = {isa = PBXBuildFile; fileRef = 85ADC45B1B65799B000D2C6A /* MessageViewController.m */; };
		85ADC45F1B6579A3000D2C6A /* ProfileViewController.m in Sources */ = {isa = PBXBuildFile; fileRef = 85ADC45E1B6579A3000D2C6A /* ProfileViewController.m */; };
		85ADC4681B659EBC000D2C6A /* HowViewController.m in Sources */ = {isa = PBXBuildFile; fileRef = 85ADC4671B659EBC000D2C6A /* HowViewController.m */; };
		85ADC46B1B659EC3000D2C6A /* AuthViewController.m in Sources */ = {isa = PBXBuildFile; fileRef = 85ADC46A1B659EC3000D2C6A /* AuthViewController.m */; };
		85ADC46F1B65BC17000D2C6A /* HomeCollectionViewCell.m in Sources */ = {isa = PBXBuildFile; fileRef = 85ADC46E1B65BC17000D2C6A /* HomeCollectionViewCell.m */; };
		85ADC4731B65C4C2000D2C6A /* Bolts.framework in Frameworks */ = {isa = PBXBuildFile; fileRef = 85ADC4711B65C4C2000D2C6A /* Bolts.framework */; };
		85ADC4741B65C4C2000D2C6A /* Parse.framework in Frameworks */ = {isa = PBXBuildFile; fileRef = 85ADC4721B65C4C2000D2C6A /* Parse.framework */; };
		85ADC4771B65C4E6000D2C6A /* AudioToolbox.framework in Frameworks */ = {isa = PBXBuildFile; fileRef = 85ADC4761B65C4E6000D2C6A /* AudioToolbox.framework */; };
		85ADC4791B65C4EB000D2C6A /* CFNetwork.framework in Frameworks */ = {isa = PBXBuildFile; fileRef = 85ADC4781B65C4EB000D2C6A /* CFNetwork.framework */; };
		85ADC47B1B65C4EF000D2C6A /* CoreGraphics.framework in Frameworks */ = {isa = PBXBuildFile; fileRef = 85ADC47A1B65C4EF000D2C6A /* CoreGraphics.framework */; };
		85ADC47D1B65C4F5000D2C6A /* CoreLocation.framework in Frameworks */ = {isa = PBXBuildFile; fileRef = 85ADC47C1B65C4F5000D2C6A /* CoreLocation.framework */; };
		85ADC47F1B65C4FB000D2C6A /* QuartzCore.framework in Frameworks */ = {isa = PBXBuildFile; fileRef = 85ADC47E1B65C4FB000D2C6A /* QuartzCore.framework */; };
		85ADC4811B65C501000D2C6A /* Security.framework in Frameworks */ = {isa = PBXBuildFile; fileRef = 85ADC4801B65C501000D2C6A /* Security.framework */; };
		85ADC4831B65C506000D2C6A /* StoreKit.framework in Frameworks */ = {isa = PBXBuildFile; fileRef = 85ADC4821B65C506000D2C6A /* StoreKit.framework */; };
		85ADC4851B65C50D000D2C6A /* SystemConfiguration.framework in Frameworks */ = {isa = PBXBuildFile; fileRef = 85ADC4841B65C50D000D2C6A /* SystemConfiguration.framework */; };
		85ADC4871B65C513000D2C6A /* libz.dylib in Frameworks */ = {isa = PBXBuildFile; fileRef = 85ADC4861B65C513000D2C6A /* libz.dylib */; };
		85ADC4891B65C519000D2C6A /* libsqlite3.dylib in Frameworks */ = {isa = PBXBuildFile; fileRef = 85ADC4881B65C519000D2C6A /* libsqlite3.dylib */; };
		85ADC48B1B65C521000D2C6A /* Accounts.framework in Frameworks */ = {isa = PBXBuildFile; fileRef = 85ADC48A1B65C521000D2C6A /* Accounts.framework */; };
		85ADC48D1B65C525000D2C6A /* Social.framework in Frameworks */ = {isa = PBXBuildFile; fileRef = 85ADC48C1B65C525000D2C6A /* Social.framework */; };
		85CC65461B67164600BB51F9 /* Listing.m in Sources */ = {isa = PBXBuildFile; fileRef = 85CC65451B67164600BB51F9 /* Listing.m */; };
		85CC654A1B67204A00BB51F9 /* ListingsViewController.m in Sources */ = {isa = PBXBuildFile; fileRef = 85CC65491B67204A00BB51F9 /* ListingsViewController.m */; };
/* End PBXBuildFile section */

/* Begin PBXContainerItemProxy section */
		858A61A61B656FEB00F84947 /* PBXContainerItemProxy */ = {
			isa = PBXContainerItemProxy;
			containerPortal = 858A61841B656FEB00F84947 /* Project object */;
			proxyType = 1;
			remoteGlobalIDString = 858A618B1B656FEB00F84947;
			remoteInfo = RainforestBay;
		};
/* End PBXContainerItemProxy section */

/* Begin PBXFileReference section */
		855020EC1B66A14700960A23 /* SellFormViewController.h */ = {isa = PBXFileReference; fileEncoding = 4; lastKnownFileType = sourcecode.c.h; path = SellFormViewController.h; sourceTree = "<group>"; };
		855020ED1B66A14700960A23 /* SellFormViewController.m */ = {isa = PBXFileReference; fileEncoding = 4; lastKnownFileType = sourcecode.c.objc; path = SellFormViewController.m; sourceTree = "<group>"; };
		858A618C1B656FEB00F84947 /* RainforestBay.app */ = {isa = PBXFileReference; explicitFileType = wrapper.application; includeInIndex = 0; path = RainforestBay.app; sourceTree = BUILT_PRODUCTS_DIR; };
		858A61901B656FEB00F84947 /* Info.plist */ = {isa = PBXFileReference; lastKnownFileType = text.plist.xml; path = Info.plist; sourceTree = "<group>"; };
		858A61911B656FEB00F84947 /* main.m */ = {isa = PBXFileReference; lastKnownFileType = sourcecode.c.objc; path = main.m; sourceTree = "<group>"; };
		858A61931B656FEB00F84947 /* AppDelegate.h */ = {isa = PBXFileReference; lastKnownFileType = sourcecode.c.h; path = AppDelegate.h; sourceTree = "<group>"; };
		858A61941B656FEB00F84947 /* AppDelegate.m */ = {isa = PBXFileReference; lastKnownFileType = sourcecode.c.objc; path = AppDelegate.m; sourceTree = "<group>"; };
		858A619A1B656FEB00F84947 /* Base */ = {isa = PBXFileReference; lastKnownFileType = file.storyboard; name = Base; path = Base.lproj/Main.storyboard; sourceTree = "<group>"; };
		858A619C1B656FEB00F84947 /* Images.xcassets */ = {isa = PBXFileReference; lastKnownFileType = folder.assetcatalog; path = Images.xcassets; sourceTree = "<group>"; };
		858A619F1B656FEB00F84947 /* Base */ = {isa = PBXFileReference; lastKnownFileType = file.xib; name = Base; path = Base.lproj/LaunchScreen.xib; sourceTree = "<group>"; };
		858A61A51B656FEB00F84947 /* RainforestBayTests.xctest */ = {isa = PBXFileReference; explicitFileType = wrapper.cfbundle; includeInIndex = 0; path = RainforestBayTests.xctest; sourceTree = BUILT_PRODUCTS_DIR; };
		858A61AA1B656FEB00F84947 /* Info.plist */ = {isa = PBXFileReference; lastKnownFileType = text.plist.xml; path = Info.plist; sourceTree = "<group>"; };
		858A61AB1B656FEB00F84947 /* RainforestBayTests.m */ = {isa = PBXFileReference; lastKnownFileType = sourcecode.c.objc; path = RainforestBayTests.m; sourceTree = "<group>"; };
		858A61B51B6572CB00F84947 /* HomeViewController.h */ = {isa = PBXFileReference; fileEncoding = 4; lastKnownFileType = sourcecode.c.h; path = HomeViewController.h; sourceTree = "<group>"; };
		858A61B61B6572CB00F84947 /* HomeViewController.m */ = {isa = PBXFileReference; fileEncoding = 4; lastKnownFileType = sourcecode.c.objc; path = HomeViewController.m; sourceTree = "<group>"; };
		85ADC4541B65798B000D2C6A /* SearchViewController.h */ = {isa = PBXFileReference; fileEncoding = 4; lastKnownFileType = sourcecode.c.h; path = SearchViewController.h; sourceTree = "<group>"; };
		85ADC4551B65798B000D2C6A /* SearchViewController.m */ = {isa = PBXFileReference; fileEncoding = 4; lastKnownFileType = sourcecode.c.objc; path = SearchViewController.m; sourceTree = "<group>"; };
		85ADC4571B657993000D2C6A /* InstantViewController.h */ = {isa = PBXFileReference; fileEncoding = 4; lastKnownFileType = sourcecode.c.h; path = InstantViewController.h; sourceTree = "<group>"; };
		85ADC4581B657993000D2C6A /* InstantViewController.m */ = {isa = PBXFileReference; fileEncoding = 4; lastKnownFileType = sourcecode.c.objc; path = InstantViewController.m; sourceTree = "<group>"; };
		85ADC45A1B65799B000D2C6A /* MessageViewController.h */ = {isa = PBXFileReference; fileEncoding = 4; lastKnownFileType = sourcecode.c.h; path = MessageViewController.h; sourceTree = "<group>"; };
		85ADC45B1B65799B000D2C6A /* MessageViewController.m */ = {isa = PBXFileReference; fileEncoding = 4; lastKnownFileType = sourcecode.c.objc; path = MessageViewController.m; sourceTree = "<group>"; };
		85ADC45D1B6579A3000D2C6A /* ProfileViewController.h */ = {isa = PBXFileReference; fileEncoding = 4; lastKnownFileType = sourcecode.c.h; path = ProfileViewController.h; sourceTree = "<group>"; };
		85ADC45E1B6579A3000D2C6A /* ProfileViewController.m */ = {isa = PBXFileReference; fileEncoding = 4; lastKnownFileType = sourcecode.c.objc; path = ProfileViewController.m; sourceTree = "<group>"; };
		85ADC4661B659EBC000D2C6A /* HowViewController.h */ = {isa = PBXFileReference; fileEncoding = 4; lastKnownFileType = sourcecode.c.h; path = HowViewController.h; sourceTree = "<group>"; };
		85ADC4671B659EBC000D2C6A /* HowViewController.m */ = {isa = PBXFileReference; fileEncoding = 4; lastKnownFileType = sourcecode.c.objc; path = HowViewController.m; sourceTree = "<group>"; };
		85ADC4691B659EC3000D2C6A /* AuthViewController.h */ = {isa = PBXFileReference; fileEncoding = 4; lastKnownFileType = sourcecode.c.h; path = AuthViewController.h; sourceTree = "<group>"; };
		85ADC46A1B659EC3000D2C6A /* AuthViewController.m */ = {isa = PBXFileReference; fileEncoding = 4; lastKnownFileType = sourcecode.c.objc; path = AuthViewController.m; sourceTree = "<group>"; };
		85ADC46D1B65BC17000D2C6A /* HomeCollectionViewCell.h */ = {isa = PBXFileReference; fileEncoding = 4; lastKnownFileType = sourcecode.c.h; path = HomeCollectionViewCell.h; sourceTree = "<group>"; };
		85ADC46E1B65BC17000D2C6A /* HomeCollectionViewCell.m */ = {isa = PBXFileReference; fileEncoding = 4; lastKnownFileType = sourcecode.c.objc; path = HomeCollectionViewCell.m; sourceTree = "<group>"; };
		85ADC4711B65C4C2000D2C6A /* Bolts.framework */ = {isa = PBXFileReference; lastKnownFileType = wrapper.framework; path = Bolts.framework; sourceTree = "<group>"; };
		85ADC4721B65C4C2000D2C6A /* Parse.framework */ = {isa = PBXFileReference; lastKnownFileType = wrapper.framework; path = Parse.framework; sourceTree = "<group>"; };
		85ADC4761B65C4E6000D2C6A /* AudioToolbox.framework */ = {isa = PBXFileReference; lastKnownFileType = wrapper.framework; name = AudioToolbox.framework; path = System/Library/Frameworks/AudioToolbox.framework; sourceTree = SDKROOT; };
		85ADC4781B65C4EB000D2C6A /* CFNetwork.framework */ = {isa = PBXFileReference; lastKnownFileType = wrapper.framework; name = CFNetwork.framework; path = System/Library/Frameworks/CFNetwork.framework; sourceTree = SDKROOT; };
		85ADC47A1B65C4EF000D2C6A /* CoreGraphics.framework */ = {isa = PBXFileReference; lastKnownFileType = wrapper.framework; name = CoreGraphics.framework; path = System/Library/Frameworks/CoreGraphics.framework; sourceTree = SDKROOT; };
		85ADC47C1B65C4F5000D2C6A /* CoreLocation.framework */ = {isa = PBXFileReference; lastKnownFileType = wrapper.framework; name = CoreLocation.framework; path = System/Library/Frameworks/CoreLocation.framework; sourceTree = SDKROOT; };
		85ADC47E1B65C4FB000D2C6A /* QuartzCore.framework */ = {isa = PBXFileReference; lastKnownFileType = wrapper.framework; name = QuartzCore.framework; path = System/Library/Frameworks/QuartzCore.framework; sourceTree = SDKROOT; };
		85ADC4801B65C501000D2C6A /* Security.framework */ = {isa = PBXFileReference; lastKnownFileType = wrapper.framework; name = Security.framework; path = System/Library/Frameworks/Security.framework; sourceTree = SDKROOT; };
		85ADC4821B65C506000D2C6A /* StoreKit.framework */ = {isa = PBXFileReference; lastKnownFileType = wrapper.framework; name = StoreKit.framework; path = System/Library/Frameworks/StoreKit.framework; sourceTree = SDKROOT; };
		85ADC4841B65C50D000D2C6A /* SystemConfiguration.framework */ = {isa = PBXFileReference; lastKnownFileType = wrapper.framework; name = SystemConfiguration.framework; path = System/Library/Frameworks/SystemConfiguration.framework; sourceTree = SDKROOT; };
		85ADC4861B65C513000D2C6A /* libz.dylib */ = {isa = PBXFileReference; lastKnownFileType = "compiled.mach-o.dylib"; name = libz.dylib; path = usr/lib/libz.dylib; sourceTree = SDKROOT; };
		85ADC4881B65C519000D2C6A /* libsqlite3.dylib */ = {isa = PBXFileReference; lastKnownFileType = "compiled.mach-o.dylib"; name = libsqlite3.dylib; path = usr/lib/libsqlite3.dylib; sourceTree = SDKROOT; };
		85ADC48A1B65C521000D2C6A /* Accounts.framework */ = {isa = PBXFileReference; lastKnownFileType = wrapper.framework; name = Accounts.framework; path = System/Library/Frameworks/Accounts.framework; sourceTree = SDKROOT; };
		85ADC48C1B65C525000D2C6A /* Social.framework */ = {isa = PBXFileReference; lastKnownFileType = wrapper.framework; name = Social.framework; path = System/Library/Frameworks/Social.framework; sourceTree = SDKROOT; };
		85CC65441B67164600BB51F9 /* Listing.h */ = {isa = PBXFileReference; fileEncoding = 4; lastKnownFileType = sourcecode.c.h; path = Listing.h; sourceTree = "<group>"; };
		85CC65451B67164600BB51F9 /* Listing.m */ = {isa = PBXFileReference; fileEncoding = 4; lastKnownFileType = sourcecode.c.objc; path = Listing.m; sourceTree = "<group>"; };
		85CC65481B67204A00BB51F9 /* ListingsViewController.h */ = {isa = PBXFileReference; fileEncoding = 4; lastKnownFileType = sourcecode.c.h; path = ListingsViewController.h; sourceTree = "<group>"; };
		85CC65491B67204A00BB51F9 /* ListingsViewController.m */ = {isa = PBXFileReference; fileEncoding = 4; lastKnownFileType = sourcecode.c.objc; path = ListingsViewController.m; sourceTree = "<group>"; };
/* End PBXFileReference section */

/* Begin PBXFrameworksBuildPhase section */
		858A61891B656FEB00F84947 /* Frameworks */ = {
			isa = PBXFrameworksBuildPhase;
			buildActionMask = 2147483647;
			files = (
				85ADC48D1B65C525000D2C6A /* Social.framework in Frameworks */,
				85ADC48B1B65C521000D2C6A /* Accounts.framework in Frameworks */,
				85ADC4891B65C519000D2C6A /* libsqlite3.dylib in Frameworks */,
				85ADC4871B65C513000D2C6A /* libz.dylib in Frameworks */,
				85ADC4851B65C50D000D2C6A /* SystemConfiguration.framework in Frameworks */,
				85ADC4831B65C506000D2C6A /* StoreKit.framework in Frameworks */,
				85ADC4811B65C501000D2C6A /* Security.framework in Frameworks */,
				85ADC47F1B65C4FB000D2C6A /* QuartzCore.framework in Frameworks */,
				85ADC47D1B65C4F5000D2C6A /* CoreLocation.framework in Frameworks */,
				85ADC47B1B65C4EF000D2C6A /* CoreGraphics.framework in Frameworks */,
				85ADC4791B65C4EB000D2C6A /* CFNetwork.framework in Frameworks */,
				85ADC4771B65C4E6000D2C6A /* AudioToolbox.framework in Frameworks */,
				85ADC4741B65C4C2000D2C6A /* Parse.framework in Frameworks */,
				85ADC4731B65C4C2000D2C6A /* Bolts.framework in Frameworks */,
			);
			runOnlyForDeploymentPostprocessing = 0;
		};
		858A61A21B656FEB00F84947 /* Frameworks */ = {
			isa = PBXFrameworksBuildPhase;
			buildActionMask = 2147483647;
			files = (
			);
			runOnlyForDeploymentPostprocessing = 0;
		};
/* End PBXFrameworksBuildPhase section */

/* Begin PBXGroup section */
		858A61831B656FEB00F84947 = {
			isa = PBXGroup;
			children = (
				858A618E1B656FEB00F84947 /* RainforestBay */,
				858A61A81B656FEB00F84947 /* RainforestBayTests */,
				858A618D1B656FEB00F84947 /* Products */,
				85ADC4751B65C4C7000D2C6A /* Frameworks */,
			);
			sourceTree = "<group>";
		};
		858A618D1B656FEB00F84947 /* Products */ = {
			isa = PBXGroup;
			children = (
				858A618C1B656FEB00F84947 /* RainforestBay.app */,
				858A61A51B656FEB00F84947 /* RainforestBayTests.xctest */,
			);
			name = Products;
			sourceTree = "<group>";
		};
		858A618E1B656FEB00F84947 /* RainforestBay */ = {
			isa = PBXGroup;
			children = (
				858A61931B656FEB00F84947 /* AppDelegate.h */,
				858A61941B656FEB00F84947 /* AppDelegate.m */,
				858A61991B656FEB00F84947 /* Main.storyboard */,
				85CC65471B67164B00BB51F9 /* Models */,
				85ADC46C1B659EF6000D2C6A /* Secondary Controllers */,
				858A61B81B6572D200F84947 /* Primary Controllers */,
				85ADC4701B65BC39000D2C6A /* Custom Classes */,
				858A619C1B656FEB00F84947 /* Images.xcassets */,
				858A619E1B656FEB00F84947 /* LaunchScreen.xib */,
				858A618F1B656FEB00F84947 /* Supporting Files */,
			);
			path = RainforestBay;
			sourceTree = "<group>";
		};
		858A618F1B656FEB00F84947 /* Supporting Files */ = {
			isa = PBXGroup;
			children = (
				858A61901B656FEB00F84947 /* Info.plist */,
				858A61911B656FEB00F84947 /* main.m */,
			);
			name = "Supporting Files";
			sourceTree = "<group>";
		};
		858A61A81B656FEB00F84947 /* RainforestBayTests */ = {
			isa = PBXGroup;
			children = (
				858A61AB1B656FEB00F84947 /* RainforestBayTests.m */,
				858A61A91B656FEB00F84947 /* Supporting Files */,
			);
			path = RainforestBayTests;
			sourceTree = "<group>";
		};
		858A61A91B656FEB00F84947 /* Supporting Files */ = {
			isa = PBXGroup;
			children = (
				858A61AA1B656FEB00F84947 /* Info.plist */,
			);
			name = "Supporting Files";
			sourceTree = "<group>";
		};
		858A61B81B6572D200F84947 /* Primary Controllers */ = {
			isa = PBXGroup;
			children = (
				858A61B51B6572CB00F84947 /* HomeViewController.h */,
				858A61B61B6572CB00F84947 /* HomeViewController.m */,
				85ADC4541B65798B000D2C6A /* SearchViewController.h */,
				85ADC4551B65798B000D2C6A /* SearchViewController.m */,
				85ADC4571B657993000D2C6A /* InstantViewController.h */,
				85ADC4581B657993000D2C6A /* InstantViewController.m */,
				85ADC45A1B65799B000D2C6A /* MessageViewController.h */,
				85ADC45B1B65799B000D2C6A /* MessageViewController.m */,
				85ADC45D1B6579A3000D2C6A /* ProfileViewController.h */,
				85ADC45E1B6579A3000D2C6A /* ProfileViewController.m */,
			);
			name = "Primary Controllers";
			sourceTree = "<group>";
		};
		85ADC46C1B659EF6000D2C6A /* Secondary Controllers */ = {
			isa = PBXGroup;
			children = (
				85CC65481B67204A00BB51F9 /* ListingsViewController.h */,
				85CC65491B67204A00BB51F9 /* ListingsViewController.m */,
				855020EC1B66A14700960A23 /* SellFormViewController.h */,
				855020ED1B66A14700960A23 /* SellFormViewController.m */,
				85ADC4661B659EBC000D2C6A /* HowViewController.h */,
				85ADC4671B659EBC000D2C6A /* HowViewController.m */,
				85ADC4691B659EC3000D2C6A /* AuthViewController.h */,
				85ADC46A1B659EC3000D2C6A /* AuthViewController.m */,
			);
			name = "Secondary Controllers";
			sourceTree = "<group>";
		};
		85ADC4701B65BC39000D2C6A /* Custom Classes */ = {
			isa = PBXGroup;
			children = (
				85ADC46D1B65BC17000D2C6A /* HomeCollectionViewCell.h */,
				85ADC46E1B65BC17000D2C6A /* HomeCollectionViewCell.m */,
			);
			name = "Custom Classes";
			sourceTree = "<group>";
		};
		85ADC4751B65C4C7000D2C6A /* Frameworks */ = {
			isa = PBXGroup;
			children = (
				85ADC48C1B65C525000D2C6A /* Social.framework */,
				85ADC48A1B65C521000D2C6A /* Accounts.framework */,
				85ADC4881B65C519000D2C6A /* libsqlite3.dylib */,
				85ADC4861B65C513000D2C6A /* libz.dylib */,
				85ADC4841B65C50D000D2C6A /* SystemConfiguration.framework */,
				85ADC4821B65C506000D2C6A /* StoreKit.framework */,
				85ADC4801B65C501000D2C6A /* Security.framework */,
				85ADC47E1B65C4FB000D2C6A /* QuartzCore.framework */,
				85ADC47C1B65C4F5000D2C6A /* CoreLocation.framework */,
				85ADC47A1B65C4EF000D2C6A /* CoreGraphics.framework */,
				85ADC4781B65C4EB000D2C6A /* CFNetwork.framework */,
				85ADC4761B65C4E6000D2C6A /* AudioToolbox.framework */,
				85ADC4711B65C4C2000D2C6A /* Bolts.framework */,
				85ADC4721B65C4C2000D2C6A /* Parse.framework */,
			);
			name = Frameworks;
			sourceTree = "<group>";
		};
		85CC65471B67164B00BB51F9 /* Models */ = {
			isa = PBXGroup;
			children = (
				85CC65441B67164600BB51F9 /* Listing.h */,
				85CC65451B67164600BB51F9 /* Listing.m */,
			);
			name = Models;
			sourceTree = "<group>";
		};
/* End PBXGroup section */

/* Begin PBXNativeTarget section */
		858A618B1B656FEB00F84947 /* RainforestBay */ = {
			isa = PBXNativeTarget;
			buildConfigurationList = 858A61AF1B656FEB00F84947 /* Build configuration list for PBXNativeTarget "RainforestBay" */;
			buildPhases = (
				858A61881B656FEB00F84947 /* Sources */,
				858A61891B656FEB00F84947 /* Frameworks */,
				858A618A1B656FEB00F84947 /* Resources */,
			);
			buildRules = (
			);
			dependencies = (
			);
			name = RainforestBay;
			productName = RainforestBay;
			productReference = 858A618C1B656FEB00F84947 /* RainforestBay.app */;
			productType = "com.apple.product-type.application";
		};
		858A61A41B656FEB00F84947 /* RainforestBayTests */ = {
			isa = PBXNativeTarget;
			buildConfigurationList = 858A61B21B656FEB00F84947 /* Build configuration list for PBXNativeTarget "RainforestBayTests" */;
			buildPhases = (
				858A61A11B656FEB00F84947 /* Sources */,
				858A61A21B656FEB00F84947 /* Frameworks */,
				858A61A31B656FEB00F84947 /* Resources */,
			);
			buildRules = (
			);
			dependencies = (
				858A61A71B656FEB00F84947 /* PBXTargetDependency */,
			);
			name = RainforestBayTests;
			productName = RainforestBayTests;
			productReference = 858A61A51B656FEB00F84947 /* RainforestBayTests.xctest */;
			productType = "com.apple.product-type.bundle.unit-test";
		};
/* End PBXNativeTarget section */

/* Begin PBXProject section */
		858A61841B656FEB00F84947 /* Project object */ = {
			isa = PBXProject;
			attributes = {
				LastUpgradeCheck = 0640;
				ORGANIZATIONNAME = Meduse;
				TargetAttributes = {
					858A618B1B656FEB00F84947 = {
						CreatedOnToolsVersion = 6.4;
					};
					858A61A41B656FEB00F84947 = {
						CreatedOnToolsVersion = 6.4;
						TestTargetID = 858A618B1B656FEB00F84947;
					};
				};
			};
			buildConfigurationList = 858A61871B656FEB00F84947 /* Build configuration list for PBXProject "RainforestBay" */;
			compatibilityVersion = "Xcode 3.2";
			developmentRegion = English;
			hasScannedForEncodings = 0;
			knownRegions = (
				en,
				Base,
			);
			mainGroup = 858A61831B656FEB00F84947;
			productRefGroup = 858A618D1B656FEB00F84947 /* Products */;
			projectDirPath = "";
			projectRoot = "";
			targets = (
				858A618B1B656FEB00F84947 /* RainforestBay */,
				858A61A41B656FEB00F84947 /* RainforestBayTests */,
			);
		};
/* End PBXProject section */

/* Begin PBXResourcesBuildPhase section */
		858A618A1B656FEB00F84947 /* Resources */ = {
			isa = PBXResourcesBuildPhase;
			buildActionMask = 2147483647;
			files = (
				858A619B1B656FEB00F84947 /* Main.storyboard in Resources */,
				858A61A01B656FEB00F84947 /* LaunchScreen.xib in Resources */,
				858A619D1B656FEB00F84947 /* Images.xcassets in Resources */,
			);
			runOnlyForDeploymentPostprocessing = 0;
		};
		858A61A31B656FEB00F84947 /* Resources */ = {
			isa = PBXResourcesBuildPhase;
			buildActionMask = 2147483647;
			files = (
			);
			runOnlyForDeploymentPostprocessing = 0;
		};
/* End PBXResourcesBuildPhase section */

/* Begin PBXSourcesBuildPhase section */
		858A61881B656FEB00F84947 /* Sources */ = {
			isa = PBXSourcesBuildPhase;
			buildActionMask = 2147483647;
			files = (
				85ADC45C1B65799B000D2C6A /* MessageViewController.m in Sources */,
				858A61951B656FEB00F84947 /* AppDelegate.m in Sources */,
				85ADC4591B657993000D2C6A /* InstantViewController.m in Sources */,
				85ADC4681B659EBC000D2C6A /* HowViewController.m in Sources */,
				85ADC46B1B659EC3000D2C6A /* AuthViewController.m in Sources */,
				858A61921B656FEB00F84947 /* main.m in Sources */,
				85CC65461B67164600BB51F9 /* Listing.m in Sources */,
				85ADC45F1B6579A3000D2C6A /* ProfileViewController.m in Sources */,
				85CC654A1B67204A00BB51F9 /* ListingsViewController.m in Sources */,
				855020EE1B66A14700960A23 /* SellFormViewController.m in Sources */,
				85ADC4561B65798B000D2C6A /* SearchViewController.m in Sources */,
				858A61B71B6572CB00F84947 /* HomeViewController.m in Sources */,
				85ADC46F1B65BC17000D2C6A /* HomeCollectionViewCell.m in Sources */,
			);
			runOnlyForDeploymentPostprocessing = 0;
		};
		858A61A11B656FEB00F84947 /* Sources */ = {
			isa = PBXSourcesBuildPhase;
			buildActionMask = 2147483647;
			files = (
				858A61AC1B656FEB00F84947 /* RainforestBayTests.m in Sources */,
			);
			runOnlyForDeploymentPostprocessing = 0;
		};
/* End PBXSourcesBuildPhase section */

/* Begin PBXTargetDependency section */
		858A61A71B656FEB00F84947 /* PBXTargetDependency */ = {
			isa = PBXTargetDependency;
			target = 858A618B1B656FEB00F84947 /* RainforestBay */;
			targetProxy = 858A61A61B656FEB00F84947 /* PBXContainerItemProxy */;
		};
/* End PBXTargetDependency section */

/* Begin PBXVariantGroup section */
		858A61991B656FEB00F84947 /* Main.storyboard */ = {
			isa = PBXVariantGroup;
			children = (
				858A619A1B656FEB00F84947 /* Base */,
			);
			name = Main.storyboard;
			sourceTree = "<group>";
		};
		858A619E1B656FEB00F84947 /* LaunchScreen.xib */ = {
			isa = PBXVariantGroup;
			children = (
				858A619F1B656FEB00F84947 /* Base */,
			);
			name = LaunchScreen.xib;
			sourceTree = "<group>";
		};
/* End PBXVariantGroup section */

/* Begin XCBuildConfiguration section */
		858A61AD1B656FEB00F84947 /* Debug */ = {
			isa = XCBuildConfiguration;
			buildSettings = {
				ALWAYS_SEARCH_USER_PATHS = NO;
				CLANG_CXX_LANGUAGE_STANDARD = "gnu++0x";
				CLANG_CXX_LIBRARY = "libc++";
				CLANG_ENABLE_MODULES = YES;
				CLANG_ENABLE_OBJC_ARC = YES;
				CLANG_WARN_BOOL_CONVERSION = YES;
				CLANG_WARN_CONSTANT_CONVERSION = YES;
				CLANG_WARN_DIRECT_OBJC_ISA_USAGE = YES_ERROR;
				CLANG_WARN_EMPTY_BODY = YES;
				CLANG_WARN_ENUM_CONVERSION = YES;
				CLANG_WARN_INT_CONVERSION = YES;
				CLANG_WARN_OBJC_ROOT_CLASS = YES_ERROR;
				CLANG_WARN_UNREACHABLE_CODE = YES;
				CLANG_WARN__DUPLICATE_METHOD_MATCH = YES;
				"CODE_SIGN_IDENTITY[sdk=iphoneos*]" = "iPhone Developer";
				COPY_PHASE_STRIP = NO;
				DEBUG_INFORMATION_FORMAT = "dwarf-with-dsym";
				ENABLE_STRICT_OBJC_MSGSEND = YES;
				GCC_C_LANGUAGE_STANDARD = gnu99;
				GCC_DYNAMIC_NO_PIC = NO;
				GCC_NO_COMMON_BLOCKS = YES;
				GCC_OPTIMIZATION_LEVEL = 0;
				GCC_PREPROCESSOR_DEFINITIONS = (
					"DEBUG=1",
					"$(inherited)",
				);
				GCC_SYMBOLS_PRIVATE_EXTERN = NO;
				GCC_WARN_64_TO_32_BIT_CONVERSION = YES;
				GCC_WARN_ABOUT_RETURN_TYPE = YES_ERROR;
				GCC_WARN_UNDECLARED_SELECTOR = YES;
				GCC_WARN_UNINITIALIZED_AUTOS = YES_AGGRESSIVE;
				GCC_WARN_UNUSED_FUNCTION = YES;
				GCC_WARN_UNUSED_VARIABLE = YES;
				IPHONEOS_DEPLOYMENT_TARGET = 8.4;
				MTL_ENABLE_DEBUG_INFO = YES;
				ONLY_ACTIVE_ARCH = YES;
				SDKROOT = iphoneos;
			};
			name = Debug;
		};
		858A61AE1B656FEB00F84947 /* Release */ = {
			isa = XCBuildConfiguration;
			buildSettings = {
				ALWAYS_SEARCH_USER_PATHS = NO;
				CLANG_CXX_LANGUAGE_STANDARD = "gnu++0x";
				CLANG_CXX_LIBRARY = "libc++";
				CLANG_ENABLE_MODULES = YES;
				CLANG_ENABLE_OBJC_ARC = YES;
				CLANG_WARN_BOOL_CONVERSION = YES;
				CLANG_WARN_CONSTANT_CONVERSION = YES;
				CLANG_WARN_DIRECT_OBJC_ISA_USAGE = YES_ERROR;
				CLANG_WARN_EMPTY_BODY = YES;
				CLANG_WARN_ENUM_CONVERSION = YES;
				CLANG_WARN_INT_CONVERSION = YES;
				CLANG_WARN_OBJC_ROOT_CLASS = YES_ERROR;
				CLANG_WARN_UNREACHABLE_CODE = YES;
				CLANG_WARN__DUPLICATE_METHOD_MATCH = YES;
				"CODE_SIGN_IDENTITY[sdk=iphoneos*]" = "iPhone Developer";
				COPY_PHASE_STRIP = NO;
				DEBUG_INFORMATION_FORMAT = "dwarf-with-dsym";
				ENABLE_NS_ASSERTIONS = NO;
				ENABLE_STRICT_OBJC_MSGSEND = YES;
				GCC_C_LANGUAGE_STANDARD = gnu99;
				GCC_NO_COMMON_BLOCKS = YES;
				GCC_WARN_64_TO_32_BIT_CONVERSION = YES;
				GCC_WARN_ABOUT_RETURN_TYPE = YES_ERROR;
				GCC_WARN_UNDECLARED_SELECTOR = YES;
				GCC_WARN_UNINITIALIZED_AUTOS = YES_AGGRESSIVE;
				GCC_WARN_UNUSED_FUNCTION = YES;
				GCC_WARN_UNUSED_VARIABLE = YES;
				IPHONEOS_DEPLOYMENT_TARGET = 8.4;
				MTL_ENABLE_DEBUG_INFO = NO;
				SDKROOT = iphoneos;
				VALIDATE_PRODUCT = YES;
			};
			name = Release;
		};
		858A61B01B656FEB00F84947 /* Debug */ = {
			isa = XCBuildConfiguration;
			buildSettings = {
				ASSETCATALOG_COMPILER_APPICON_NAME = AppIcon;
				FRAMEWORK_SEARCH_PATHS = (
					"$(inherited)",
					"$(PROJECT_DIR)",
				);
				INFOPLIST_FILE = RainforestBay/Info.plist;
				LD_RUNPATH_SEARCH_PATHS = "$(inherited) @executable_path/Frameworks";
				PRODUCT_NAME = "$(TARGET_NAME)";
			};
			name = Debug;
		};
		858A61B11B656FEB00F84947 /* Release */ = {
			isa = XCBuildConfiguration;
			buildSettings = {
				ASSETCATALOG_COMPILER_APPICON_NAME = AppIcon;
				FRAMEWORK_SEARCH_PATHS = (
					"$(inherited)",
					"$(PROJECT_DIR)",
				);
				INFOPLIST_FILE = RainforestBay/Info.plist;
				LD_RUNPATH_SEARCH_PATHS = "$(inherited) @executable_path/Frameworks";
				PRODUCT_NAME = "$(TARGET_NAME)";
			};
			name = Release;
		};
		858A61B31B656FEB00F84947 /* Debug */ = {
			isa = XCBuildConfiguration;
			buildSettings = {
				BUNDLE_LOADER = "$(TEST_HOST)";
				FRAMEWORK_SEARCH_PATHS = (
					"$(SDKROOT)/Developer/Library/Frameworks",
					"$(inherited)",
				);
				GCC_PREPROCESSOR_DEFINITIONS = (
					"DEBUG=1",
					"$(inherited)",
				);
				INFOPLIST_FILE = RainforestBayTests/Info.plist;
				LD_RUNPATH_SEARCH_PATHS = "$(inherited) @executable_path/Frameworks @loader_path/Frameworks";
				PRODUCT_NAME = "$(TARGET_NAME)";
				TEST_HOST = "$(BUILT_PRODUCTS_DIR)/RainforestBay.app/RainforestBay";
			};
			name = Debug;
		};
		858A61B41B656FEB00F84947 /* Release */ = {
			isa = XCBuildConfiguration;
			buildSettings = {
				BUNDLE_LOADER = "$(TEST_HOST)";
				FRAMEWORK_SEARCH_PATHS = (
					"$(SDKROOT)/Developer/Library/Frameworks",
					"$(inherited)",
				);
				INFOPLIST_FILE = RainforestBayTests/Info.plist;
				LD_RUNPATH_SEARCH_PATHS = "$(inherited) @executable_path/Frameworks @loader_path/Frameworks";
				PRODUCT_NAME = "$(TARGET_NAME)";
				TEST_HOST = "$(BUILT_PRODUCTS_DIR)/RainforestBay.app/RainforestBay";
			};
			name = Release;
		};
/* End XCBuildConfiguration section */

/* Begin XCConfigurationList section */
		858A61871B656FEB00F84947 /* Build configuration list for PBXProject "RainforestBay" */ = {
			isa = XCConfigurationList;
			buildConfigurations = (
				858A61AD1B656FEB00F84947 /* Debug */,
				858A61AE1B656FEB00F84947 /* Release */,
			);
			defaultConfigurationIsVisible = 0;
			defaultConfigurationName = Release;
		};
		858A61AF1B656FEB00F84947 /* Build configuration list for PBXNativeTarget "RainforestBay" */ = {
			isa = XCConfigurationList;
			buildConfigurations = (
				858A61B01B656FEB00F84947 /* Debug */,
				858A61B11B656FEB00F84947 /* Release */,
			);
			defaultConfigurationIsVisible = 0;
			defaultConfigurationName = Release;
		};
		858A61B21B656FEB00F84947 /* Build configuration list for PBXNativeTarget "RainforestBayTests" */ = {
			isa = XCConfigurationList;
			buildConfigurations = (
				858A61B31B656FEB00F84947 /* Debug */,
				858A61B41B656FEB00F84947 /* Release */,
			);
			defaultConfigurationIsVisible = 0;
			defaultConfigurationName = Release;
		};
/* End XCConfigurationList section */
	};
	rootObject = 858A61841B656FEB00F84947 /* Project object */;
}
